
Microsoft Visual Studio Solution File, Format Version 10.00
# Visual Studio 2008
Project("{8BC9CEB8-8B4A-11D0-8D11-00A0C91BC942}") = "test", "test.vcproj", "{A0ACBBB4-77E3-4A29-9210-804EE2C86C99}"
EndProject
Global
	GlobalSection(SolutionConfigurationPlatforms) = preSolution
		Debug|Win32 = Debug|Win32
		Release|Win32 = Release|Win32
	EndGlobalSection
	GlobalSection(ProjectConfigurationPlatforms) = postSolution
		{A0ACBBB4-77E3-4A29-9210-804EE2C86C99}.Debug|Win32.ActiveCfg = Debug|Win32
		{A0ACBBB4-77E3-4A29-9210-804EE2C86C99}.Debug|Win32.Build.0 = Debug|Win32
		{A0ACBBB4-77E3-4A29-9210-804EE2C86C99}.Release|Win32.ActiveCfg = Release|Win32
		{A0ACBBB4-77E3-4A29-9210-804EE2C86C99}.Release|Win32.Build.0 = Release|Win32
	EndGlobalSection
	GlobalSection(SolutionProperties) = preSolution
		HideSolutionNode = FALSE
	EndGlobalSection
EndGlobal
